
Microsoft Visual Studio Solution File, Format Version 12.00
# Visual Studio 14
VisualStudioVersion = 14.0.25420.1
MinimumVisualStudioVersion = 10.0.40219.1
Project("{FAE04EC0-301F-11D3-BF4B-00C04F79EFBC}") = "ProvaCandidato.Web", "ProvaCandidato.Web\ProvaCandidato.Web.csproj", "{7950FCB1-0E26-485E-BE00-CD8460258C84}"
EndProject
Project("{FAE04EC0-301F-11D3-BF4B-00C04F79EFBC}") = "ProvaCandidato.Data", "ProvaCandidato.Data\ProvaCandidato.Data.csproj", "{8D1E713B-813C-4C75-9C8B-5778DACD2CE0}"
EndProject
Global
	GlobalSection(SolutionConfigurationPlatforms) = preSolution
		Debug|Any CPU = Debug|Any CPU
		Release|Any CPU = Release|Any CPU
	EndGlobalSection
	GlobalSection(ProjectConfigurationPlatforms) = postSolution
		{7950FCB1-0E26-485E-BE00-CD8460258C84}.Debug|Any CPU.ActiveCfg = Debug|Any CPU
		{7950FCB1-0E26-485E-BE00-CD8460258C84}.Debug|Any CPU.Build.0 = Debug|Any CPU
		{7950FCB1-0E26-485E-BE00-CD8460258C84}.Release|Any CPU.ActiveCfg = Release|Any CPU
		{7950FCB1-0E26-485E-BE00-CD8460258C84}.Release|Any CPU.Build.0 = Release|Any CPU
		{8D1E713B-813C-4C75-9C8B-5778DACD2CE0}.Debug|Any CPU.ActiveCfg = Debug|Any CPU
		{8D1E713B-813C-4C75-9C8B-5778DACD2CE0}.Debug|Any CPU.Build.0 = Debug|Any CPU
		{8D1E713B-813C-4C75-9C8B-5778DACD2CE0}.Release|Any CPU.ActiveCfg = Release|Any CPU
		{8D1E713B-813C-4C75-9C8B-5778DACD2CE0}.Release|Any CPU.Build.0 = Release|Any CPU
	EndGlobalSection
	GlobalSection(SolutionProperties) = preSolution
		HideSolutionNode = FALSE
	EndGlobalSection
EndGlobal
